// !$*UTF8*$!
{
	archiveVersion = 1;
	classes = {
	};
	objectVersion = 46;
	objects = {

/* Begin PBXBuildFile section */
		B3D42CDB1F3D448D002F4FEF /* main.m in Sources */ = {isa = PBXBuildFile; fileRef = B3D42CDA1F3D448D002F4FEF /* main.m */; };
		B3D42CDE1F3D448D002F4FEF /* AppDelegate.m in Sources */ = {isa = PBXBuildFile; fileRef = B3D42CDD1F3D448D002F4FEF /* AppDelegate.m */; };
		B3D42CE11F3D448D002F4FEF /* ViewController.m in Sources */ = {isa = PBXBuildFile; fileRef = B3D42CE01F3D448D002F4FEF /* ViewController.m */; };
		B3D42CE41F3D448D002F4FEF /* Main.storyboard in Resources */ = {isa = PBXBuildFile; fileRef = B3D42CE21F3D448D002F4FEF /* Main.storyboard */; };
		B3D42CE61F3D448D002F4FEF /* Assets.xcassets in Resources */ = {isa = PBXBuildFile; fileRef = B3D42CE51F3D448D002F4FEF /* Assets.xcassets */; };
		B3D42CE91F3D448D002F4FEF /* LaunchScreen.storyboard in Resources */ = {isa = PBXBuildFile; fileRef = B3D42CE71F3D448D002F4FEF /* LaunchScreen.storyboard */; };
		B3D42CF21F3D46DB002F4FEF /* MapKit.framework in Frameworks */ = {isa = PBXBuildFile; fileRef = B3D42CF11F3D46DB002F4FEF /* MapKit.framework */; };
/* End PBXBuildFile section */

/* Begin PBXFileReference section */
		B3D42CD61F3D448D002F4FEF /* MapView.app */ = {isa = PBXFileReference; explicitFileType = wrapper.application; includeInIndex = 0; path = MapView.app; sourceTree = BUILT_PRODUCTS_DIR; };
		B3D42CDA1F3D448D002F4FEF /* main.m */ = {isa = PBXFileReference; lastKnownFileType = sourcecode.c.objc; path = main.m; sourceTree = "<group>"; };
		B3D42CDC1F3D448D002F4FEF /* AppDelegate.h */ = {isa = PBXFileReference; lastKnownFileType = sourcecode.c.h; path = AppDelegate.h; sourceTree = "<group>"; };
		B3D42CDD1F3D448D002F4FEF /* AppDelegate.m */ = {isa = PBXFileReference; lastKnownFileType = sourcecode.c.objc; path = AppDelegate.m; sourceTree = "<group>"; };
		B3D42CDF1F3D448D002F4FEF /* ViewController.h */ = {isa = PBXFileReference; lastKnownFileType = sourcecode.c.h; path = ViewController.h; sourceTree = "<group>"; };
		B3D42CE01F3D448D002F4FEF /* ViewController.m */ = {isa = PBXFileReference; lastKnownFileType = sourcecode.c.objc; path = ViewController.m; sourceTree = "<group>"; };
		B3D42CE31F3D448D002F4FEF /* Base */ = {isa = PBXFileReference; lastKnownFileType = file.storyboard; name = Base; path = Base.lproj/Main.storyboard; sourceTree = "<group>"; };
		B3D42CE51F3D448D002F4FEF /* Assets.xcassets */ = {isa = PBXFileReference; lastKnownFileType = folder.assetcatalog; path = Assets.xcassets; sourceTree = "<group>"; };
		B3D42CE81F3D448D002F4FEF /* Base */ = {isa = PBXFileReference; lastKnownFileType = file.storyboard; name = Base; path = Base.lproj/LaunchScreen.storyboard; sourceTree = "<group>"; };
		B3D42CEA1F3D448D002F4FEF /* Info.plist */ = {isa = PBXFileReference; lastKnownFileType = text.plist.xml; path = Info.plist; sourceTree = "<group>"; };
		B3D42CF11F3D46DB002F4FEF /* MapKit.framework */ = {isa = PBXFileReference; lastKnownFileType = wrapper.framework; name = MapKit.framework; path = System/Library/Frameworks/MapKit.framework; sourceTree = SDKROOT; };
/* End PBXFileReference section */

/* Begin PBXFrameworksBuildPhase section */
		B3D42CD31F3D448D002F4FEF /* Frameworks */ = {
			isa = PBXFrameworksBuildPhase;
			buildActionMask = 2147483647;
			files = (
				B3D42CF21F3D46DB002F4FEF /* MapKit.framework in Frameworks */,
			);
			runOnlyForDeploymentPostprocessing = 0;
		};
/* End PBXFrameworksBuildPhase section */

/* Begin PBXGroup section */
		B3D42CCD1F3D448D002F4FEF = {
			isa = PBXGroup;
			children = (
				B3D42CD81F3D448D002F4FEF /* MapView */,
				B3D42CD71F3D448D002F4FEF /* Products */,
				B3D42CF01F3D46DA002F4FEF /* Frameworks */,
			);
			sourceTree = "<group>";
		};
		B3D42CD71F3D448D002F4FEF /* Products */ = {
			isa = PBXGroup;
			children = (
				B3D42CD61F3D448D002F4FEF /* MapView.app */,
			);
			name = Products;
			sourceTree = "<group>";
		};
		B3D42CD81F3D448D002F4FEF /* MapView */ = {
			isa = PBXGroup;
			children = (
				B3D42CDC1F3D448D002F4FEF /* AppDelegate.h */,
				B3D42CDD1F3D448D002F4FEF /* AppDelegate.m */,
				B3D42CDF1F3D448D002F4FEF /* ViewController.h */,
				B3D42CE01F3D448D002F4FEF /* ViewController.m */,
				B3D42CE21F3D448D002F4FEF /* Main.storyboard */,
				B3D42CE51F3D448D002F4FEF /* Assets.xcassets */,
				B3D42CE71F3D448D002F4FEF /* LaunchScreen.storyboard */,
				B3D42CEA1F3D448D002F4FEF /* Info.plist */,
				B3D42CD91F3D448D002F4FEF /* Supporting Files */,
			);
			path = MapView;
			sourceTree = "<group>";
		};
		B3D42CD91F3D448D002F4FEF /* Supporting Files */ = {
			isa = PBXGroup;
			children = (
				B3D42CDA1F3D448D002F4FEF /* main.m */,
			);
			name = "Supporting Files";
			sourceTree = "<group>";
		};
		B3D42CF01F3D46DA002F4FEF /* Frameworks */ = {
			isa = PBXGroup;
			children = (
				B3D42CF11F3D46DB002F4FEF /* MapKit.framework */,
			);
			name = Frameworks;
			sourceTree = "<group>";
		};
/* End PBXGroup section */

/* Begin PBXNativeTarget section */
		B3D42CD51F3D448D002F4FEF /* MapView */ = {
			isa = PBXNativeTarget;
			buildConfigurationList = B3D42CED1F3D448D002F4FEF /* Build configuration list for PBXNativeTarget "MapView" */;
			buildPhases = (
				B3D42CD21F3D448D002F4FEF /* Sources */,
				B3D42CD31F3D448D002F4FEF /* Frameworks */,
				B3D42CD41F3D448D002F4FEF /* Resources */,
			);
			buildRules = (
			);
			dependencies = (
			);
			name = MapView;
			productName = MapView;
			productReference = B3D42CD61F3D448D002F4FEF /* MapView.app */;
			productType = "com.apple.product-type.application";
		};
/* End PBXNativeTarget section */

/* Begin PBXProject section */
		B3D42CCE1F3D448D002F4FEF /* Project object */ = {
			isa = PBXProject;
			attributes = {
				LastUpgradeCheck = 0830;
				ORGANIZATIONNAME = "Naomi Wu";
				TargetAttributes = {
					B3D42CD51F3D448D002F4FEF = {
						CreatedOnToolsVersion = 8.3.3;
						ProvisioningStyle = Automatic;
					};
				};
			};
			buildConfigurationList = B3D42CD11F3D448D002F4FEF /* Build configuration list for PBXProject "MapView" */;
			compatibilityVersion = "Xcode 3.2";
			developmentRegion = English;
			hasScannedForEncodings = 0;
			knownRegions = (
				en,
				Base,
			);
			mainGroup = B3D42CCD1F3D448D002F4FEF;
			productRefGroup = B3D42CD71F3D448D002F4FEF /* Products */;
			projectDirPath = "";
			projectRoot = "";
			targets = (
				B3D42CD51F3D448D002F4FEF /* MapView */,
			);
		};
/* End PBXProject section */

/* Begin PBXResourcesBuildPhase section */
		B3D42CD41F3D448D002F4FEF /* Resources */ = {
			isa = PBXResourcesBuildPhase;
			buildActionMask = 2147483647;
			files = (
				B3D42CE91F3D448D002F4FEF /* LaunchScreen.storyboard in Resources */,
				B3D42CE61F3D448D002F4FEF /* Assets.xcassets in Resources */,
				B3D42CE41F3D448D002F4FEF /* Main.storyboard in Resources */,
			);
			runOnlyForDeploymentPostprocessing = 0;
		};
/* End PBXResourcesBuildPhase section */

/* Begin PBXSourcesBuildPhase section */
		B3D42CD21F3D448D002F4FEF /* Sources */ = {
			isa = PBXSourcesBuildPhase;
			buildActionMask = 2147483647;
			files = (
				B3D42CE11F3D448D002F4FEF /* ViewController.m in Sources */,
				B3D42CDE1F3D448D002F4FEF /* AppDelegate.m in Sources */,
				B3D42CDB1F3D448D002F4FEF /* main.m in Sources */,
			);
			runOnlyForDeploymentPostprocessing = 0;
		};
/* End PBXSourcesBuildPhase section */

/* Begin PBXVariantGroup section */
		B3D42CE21F3D448D002F4FEF /* Main.storyboard */ = {
			isa = PBXVariantGroup;
			children = (
				B3D42CE31F3D448D002F4FEF /* Base */,
			);
			name = Main.storyboard;
			sourceTree = "<group>";
		};
		B3D42CE71F3D448D002F4FEF /* LaunchScreen.storyboard */ = {
			isa = PBXVariantGroup;
			children = (
				B3D42CE81F3D448D002F4FEF /* Base */,
			);
			name = LaunchScreen.storyboard;
			sourceTree = "<group>";
		};
/* End PBXVariantGroup section */

/* Begin XCBuildConfiguration section */
		B3D42CEB1F3D448D002F4FEF /* Debug */ = {
			isa = XCBuildConfiguration;
			buildSettings = {
				ALWAYS_SEARCH_USER_PATHS = NO;
				CLANG_ANALYZER_NONNULL = YES;
				CLANG_ANALYZER_NUMBER_OBJECT_CONVERSION = YES_AGGRESSIVE;
				CLANG_CXX_LANGUAGE_STANDARD = "gnu++0x";
				CLANG_CXX_LIBRARY = "libc++";
				CLANG_ENABLE_MODULES = YES;
				CLANG_ENABLE_OBJC_ARC = YES;
				CLANG_WARN_BOOL_CONVERSION = YES;
				CLANG_WARN_CONSTANT_CONVERSION = YES;
				CLANG_WARN_DIRECT_OBJC_ISA_USAGE = YES_ERROR;
				CLANG_WARN_DOCUMENTATION_COMMENTS = YES;
				CLANG_WARN_EMPTY_BODY = YES;
				CLANG_WARN_ENUM_CONVERSION = YES;
				CLANG_WARN_INFINITE_RECURSION = YES;
				CLANG_WARN_INT_CONVERSION = YES;
				CLANG_WARN_OBJC_ROOT_CLASS = YES_ERROR;
				CLANG_WARN_SUSPICIOUS_MOVE = YES;
				CLANG_WARN_UNREACHABLE_CODE = YES;
				CLANG_WARN__DUPLICATE_METHOD_MATCH = YES;
				"CODE_SIGN_IDENTITY[sdk=iphoneos*]" = "iPhone Developer";
				COPY_PHASE_STRIP = NO;
				DEBUG_INFORMATION_FORMAT = dwarf;
				ENABLE_STRICT_OBJC_MSGSEND = YES;
				ENABLE_TESTABILITY = YES;
				GCC_C_LANGUAGE_STANDARD = gnu99;
				GCC_DYNAMIC_NO_PIC = NO;
				GCC_NO_COMMON_BLOCKS = YES;
				GCC_OPTIMIZATION_LEVEL = 0;
				GCC_PREPROCESSOR_DEFINITIONS = (
					"DEBUG=1",
					"$(inherited)",
				);
				GCC_WARN_64_TO_32_BIT_CONVERSION = YES;
				GCC_WARN_ABOUT_RETURN_TYPE = YES_ERROR;
				GCC_WARN_UNDECLARED_SELECTOR = YES;
				GCC_WARN_UNINITIALIZED_AUTOS = YES_AGGRESSIVE;
				GCC_WARN_UNUSED_FUNCTION = YES;
				GCC_WARN_UNUSED_VARIABLE = YES;
				IPHONEOS_DEPLOYMENT_TARGET = 10.3;
				MTL_ENABLE_DEBUG_INFO = YES;
				ONLY_ACTIVE_ARCH = YES;
				SDKROOT = iphoneos;
			};
			name = Debug;
		};
		B3D42CEC1F3D448D002F4FEF /* Release */ = {
			isa = XCBuildConfiguration;
			buildSettings = {
				ALWAYS_SEARCH_USER_PATHS = NO;
				CLANG_ANALYZER_NONNULL = YES;
				CLANG_ANALYZER_NUMBER_OBJECT_CONVERSION = YES_AGGRESSIVE;
				CLANG_CXX_LANGUAGE_STANDARD = "gnu++0x";
				CLANG_CXX_LIBRARY = "libc++";
				CLANG_ENABLE_MODULES = YES;
				CLANG_ENABLE_OBJC_ARC = YES;
				CLANG_WARN_BOOL_CONVERSION = YES;
				CLANG_WARN_CONSTANT_CONVERSION = YES;
				CLANG_WARN_DIRECT_OBJC_ISA_USAGE = YES_ERROR;
				CLANG_WARN_DOCUMENTATION_COMMENTS = YES;
				CLANG_WARN_EMPTY_BODY = YES;
				CLANG_WARN_ENUM_CONVERSION = YES;
				CLANG_WARN_INFINITE_RECURSION = YES;
				CLANG_WARN_INT_CONVERSION = YES;
				CLANG_WARN_OBJC_ROOT_CLASS = YES_ERROR;
				CLANG_WARN_SUSPICIOUS_MOVE = YES;
				CLANG_WARN_UNREACHABLE_CODE = YES;
				CLANG_WARN__DUPLICATE_METHOD_MATCH = YES;
				"CODE_SIGN_IDENTITY[sdk=iphoneos*]" = "iPhone Developer";
				COPY_PHASE_STRIP = NO;
				DEBUG_INFORMATION_FORMAT = "dwarf-with-dsym";
				ENABLE_NS_ASSERTIONS = NO;
				ENABLE_STRICT_OBJC_MSGSEND = YES;
				GCC_C_LANGUAGE_STANDARD = gnu99;
				GCC_NO_COMMON_BLOCKS = YES;
				GCC_WARN_64_TO_32_BIT_CONVERSION = YES;
				GCC_WARN_ABOUT_RETURN_TYPE = YES_ERROR;
				GCC_WARN_UNDECLARED_SELECTOR = YES;
				GCC_WARN_UNINITIALIZED_AUTOS = YES_AGGRESSIVE;
				GCC_WARN_UNUSED_FUNCTION = YES;
				GCC_WARN_UNUSED_VARIABLE = YES;
				IPHONEOS_DEPLOYMENT_TARGET = 10.3;
				MTL_ENABLE_DEBUG_INFO = NO;
				SDKROOT = iphoneos;
				VALIDATE_PRODUCT = YES;
			};
			name = Release;
		};
		B3D42CEE1F3D448D002F4FEF /* Debug */ = {
			isa = XCBuildConfiguration;
			buildSettings = {
				ASSETCATALOG_COMPILER_APPICON_NAME = AppIcon;
				INFOPLIST_FILE = MapView/Info.plist;
				LD_RUNPATH_SEARCH_PATHS = "$(inherited) @executable_path/Frameworks";
				PRODUCT_BUNDLE_IDENTIFIER = naomi.me.MapView;
				PRODUCT_NAME = "$(TARGET_NAME)";
			};
			name = Debug;
		};
		B3D42CEF1F3D448D002F4FEF /* Release */ = {
			isa = XCBuildConfiguration;
			buildSettings = {
				ASSETCATALOG_COMPILER_APPICON_NAME = AppIcon;
				INFOPLIST_FILE = MapView/Info.plist;
				LD_RUNPATH_SEARCH_PATHS = "$(inherited) @executable_path/Frameworks";
				PRODUCT_BUNDLE_IDENTIFIER = naomi.me.MapView;
				PRODUCT_NAME = "$(TARGET_NAME)";
			};
			name = Release;
		};
/* End XCBuildConfiguration section */

/* Begin XCConfigurationList section */
		B3D42CD11F3D448D002F4FEF /* Build configuration list for PBXProject "MapView" */ = {
			isa = XCConfigurationList;
			buildConfigurations = (
				B3D42CEB1F3D448D002F4FEF /* Debug */,
				B3D42CEC1F3D448D002F4FEF /* Release */,
			);
			defaultConfigurationIsVisible = 0;
			defaultConfigurationName = Release;
		};
		B3D42CED1F3D448D002F4FEF /* Build configuration list for PBXNativeTarget "MapView" */ = {
			isa = XCConfigurationList;
			buildConfigurations = (
				B3D42CEE1F3D448D002F4FEF /* Debug */,
				B3D42CEF1F3D448D002F4FEF /* Release */,
			);
			defaultConfigurationIsVisible = 0;
		};
/* End XCConfigurationList section */
	};
	rootObject = B3D42CCE1F3D448D002F4FEF /* Project object */;
}
