// !$*UTF8*$!
{
	archiveVersion = 1;
	classes = {
	};
	objectVersion = 46;
	objects = {

/* Begin PBXBuildFile section */
		B3D4295E1F2F4283002F4FEF /* main.m in Sources */ = {isa = PBXBuildFile; fileRef = B3D4295D1F2F4283002F4FEF /* main.m */; };
		B3D429611F2F4283002F4FEF /* AppDelegate.m in Sources */ = {isa = PBXBuildFile; fileRef = B3D429601F2F4283002F4FEF /* AppDelegate.m */; };
		B3D429641F2F4283002F4FEF /* ViewController.m in Sources */ = {isa = PBXBuildFile; fileRef = B3D429631F2F4283002F4FEF /* ViewController.m */; };
		B3D429671F2F4283002F4FEF /* Main.storyboard in Resources */ = {isa = PBXBuildFile; fileRef = B3D429651F2F4283002F4FEF /* Main.storyboard */; };
		B3D429691F2F4283002F4FEF /* Assets.xcassets in Resources */ = {isa = PBXBuildFile; fileRef = B3D429681F2F4283002F4FEF /* Assets.xcassets */; };
		B3D4296C1F2F4283002F4FEF /* LaunchScreen.storyboard in Resources */ = {isa = PBXBuildFile; fileRef = B3D4296A1F2F4283002F4FEF /* LaunchScreen.storyboard */; };
/* End PBXBuildFile section */

/* Begin PBXFileReference section */
		B3D429591F2F4282002F4FEF /* HidingObjects.app */ = {isa = PBXFileReference; explicitFileType = wrapper.application; includeInIndex = 0; path = HidingObjects.app; sourceTree = BUILT_PRODUCTS_DIR; };
		B3D4295D1F2F4283002F4FEF /* main.m */ = {isa = PBXFileReference; lastKnownFileType = sourcecode.c.objc; path = main.m; sourceTree = "<group>"; };
		B3D4295F1F2F4283002F4FEF /* AppDelegate.h */ = {isa = PBXFileReference; lastKnownFileType = sourcecode.c.h; path = AppDelegate.h; sourceTree = "<group>"; };
		B3D429601F2F4283002F4FEF /* AppDelegate.m */ = {isa = PBXFileReference; lastKnownFileType = sourcecode.c.objc; path = AppDelegate.m; sourceTree = "<group>"; };
		B3D429621F2F4283002F4FEF /* ViewController.h */ = {isa = PBXFileReference; lastKnownFileType = sourcecode.c.h; path = ViewController.h; sourceTree = "<group>"; };
		B3D429631F2F4283002F4FEF /* ViewController.m */ = {isa = PBXFileReference; lastKnownFileType = sourcecode.c.objc; path = ViewController.m; sourceTree = "<group>"; };
		B3D429661F2F4283002F4FEF /* Base */ = {isa = PBXFileReference; lastKnownFileType = file.storyboard; name = Base; path = Base.lproj/Main.storyboard; sourceTree = "<group>"; };
		B3D429681F2F4283002F4FEF /* Assets.xcassets */ = {isa = PBXFileReference; lastKnownFileType = folder.assetcatalog; path = Assets.xcassets; sourceTree = "<group>"; };
		B3D4296B1F2F4283002F4FEF /* Base */ = {isa = PBXFileReference; lastKnownFileType = file.storyboard; name = Base; path = Base.lproj/LaunchScreen.storyboard; sourceTree = "<group>"; };
		B3D4296D1F2F4283002F4FEF /* Info.plist */ = {isa = PBXFileReference; lastKnownFileType = text.plist.xml; path = Info.plist; sourceTree = "<group>"; };
/* End PBXFileReference section */

/* Begin PBXFrameworksBuildPhase section */
		B3D429561F2F4282002F4FEF /* Frameworks */ = {
			isa = PBXFrameworksBuildPhase;
			buildActionMask = 2147483647;
			files = (
			);
			runOnlyForDeploymentPostprocessing = 0;
		};
/* End PBXFrameworksBuildPhase section */

/* Begin PBXGroup section */
		B3D429501F2F4282002F4FEF = {
			isa = PBXGroup;
			children = (
				B3D4295B1F2F4283002F4FEF /* HidingObjects */,
				B3D4295A1F2F4282002F4FEF /* Products */,
			);
			sourceTree = "<group>";
		};
		B3D4295A1F2F4282002F4FEF /* Products */ = {
			isa = PBXGroup;
			children = (
				B3D429591F2F4282002F4FEF /* HidingObjects.app */,
			);
			name = Products;
			sourceTree = "<group>";
		};
		B3D4295B1F2F4283002F4FEF /* HidingObjects */ = {
			isa = PBXGroup;
			children = (
				B3D4295F1F2F4283002F4FEF /* AppDelegate.h */,
				B3D429601F2F4283002F4FEF /* AppDelegate.m */,
				B3D429621F2F4283002F4FEF /* ViewController.h */,
				B3D429631F2F4283002F4FEF /* ViewController.m */,
				B3D429651F2F4283002F4FEF /* Main.storyboard */,
				B3D429681F2F4283002F4FEF /* Assets.xcassets */,
				B3D4296A1F2F4283002F4FEF /* LaunchScreen.storyboard */,
				B3D4296D1F2F4283002F4FEF /* Info.plist */,
				B3D4295C1F2F4283002F4FEF /* Supporting Files */,
			);
			path = HidingObjects;
			sourceTree = "<group>";
		};
		B3D4295C1F2F4283002F4FEF /* Supporting Files */ = {
			isa = PBXGroup;
			children = (
				B3D4295D1F2F4283002F4FEF /* main.m */,
			);
			name = "Supporting Files";
			sourceTree = "<group>";
		};
/* End PBXGroup section */

/* Begin PBXNativeTarget section */
		B3D429581F2F4282002F4FEF /* HidingObjects */ = {
			isa = PBXNativeTarget;
			buildConfigurationList = B3D429701F2F4283002F4FEF /* Build configuration list for PBXNativeTarget "HidingObjects" */;
			buildPhases = (
				B3D429551F2F4282002F4FEF /* Sources */,
				B3D429561F2F4282002F4FEF /* Frameworks */,
				B3D429571F2F4282002F4FEF /* Resources */,
			);
			buildRules = (
			);
			dependencies = (
			);
			name = HidingObjects;
			productName = HidingObjects;
			productReference = B3D429591F2F4282002F4FEF /* HidingObjects.app */;
			productType = "com.apple.product-type.application";
		};
/* End PBXNativeTarget section */

/* Begin PBXProject section */
		B3D429511F2F4282002F4FEF /* Project object */ = {
			isa = PBXProject;
			attributes = {
				LastUpgradeCheck = 0830;
				ORGANIZATIONNAME = "Naomi Wu";
				TargetAttributes = {
					B3D429581F2F4282002F4FEF = {
						CreatedOnToolsVersion = 8.3.3;
						DevelopmentTeam = 3REFLA83ZM;
						ProvisioningStyle = Automatic;
					};
				};
			};
			buildConfigurationList = B3D429541F2F4282002F4FEF /* Build configuration list for PBXProject "HidingObjects" */;
			compatibilityVersion = "Xcode 3.2";
			developmentRegion = English;
			hasScannedForEncodings = 0;
			knownRegions = (
				en,
				Base,
			);
			mainGroup = B3D429501F2F4282002F4FEF;
			productRefGroup = B3D4295A1F2F4282002F4FEF /* Products */;
			projectDirPath = "";
			projectRoot = "";
			targets = (
				B3D429581F2F4282002F4FEF /* HidingObjects */,
			);
		};
/* End PBXProject section */

/* Begin PBXResourcesBuildPhase section */
		B3D429571F2F4282002F4FEF /* Resources */ = {
			isa = PBXResourcesBuildPhase;
			buildActionMask = 2147483647;
			files = (
				B3D4296C1F2F4283002F4FEF /* LaunchScreen.storyboard in Resources */,
				B3D429691F2F4283002F4FEF /* Assets.xcassets in Resources */,
				B3D429671F2F4283002F4FEF /* Main.storyboard in Resources */,
			);
			runOnlyForDeploymentPostprocessing = 0;
		};
/* End PBXResourcesBuildPhase section */

/* Begin PBXSourcesBuildPhase section */
		B3D429551F2F4282002F4FEF /* Sources */ = {
			isa = PBXSourcesBuildPhase;
			buildActionMask = 2147483647;
			files = (
				B3D429641F2F4283002F4FEF /* ViewController.m in Sources */,
				B3D429611F2F4283002F4FEF /* AppDelegate.m in Sources */,
				B3D4295E1F2F4283002F4FEF /* main.m in Sources */,
			);
			runOnlyForDeploymentPostprocessing = 0;
		};
/* End PBXSourcesBuildPhase section */

/* Begin PBXVariantGroup section */
		B3D429651F2F4283002F4FEF /* Main.storyboard */ = {
			isa = PBXVariantGroup;
			children = (
				B3D429661F2F4283002F4FEF /* Base */,
			);
			name = Main.storyboard;
			sourceTree = "<group>";
		};
		B3D4296A1F2F4283002F4FEF /* LaunchScreen.storyboard */ = {
			isa = PBXVariantGroup;
			children = (
				B3D4296B1F2F4283002F4FEF /* Base */,
			);
			name = LaunchScreen.storyboard;
			sourceTree = "<group>";
		};
/* End PBXVariantGroup section */

/* Begin XCBuildConfiguration section */
		B3D4296E1F2F4283002F4FEF /* Debug */ = {
			isa = XCBuildConfiguration;
			buildSettings = {
				ALWAYS_SEARCH_USER_PATHS = NO;
				CLANG_ANALYZER_NONNULL = YES;
				CLANG_ANALYZER_NUMBER_OBJECT_CONVERSION = YES_AGGRESSIVE;
				CLANG_CXX_LANGUAGE_STANDARD = "gnu++0x";
				CLANG_CXX_LIBRARY = "libc++";
				CLANG_ENABLE_MODULES = YES;
				CLANG_ENABLE_OBJC_ARC = YES;
				CLANG_WARN_BOOL_CONVERSION = YES;
				CLANG_WARN_CONSTANT_CONVERSION = YES;
				CLANG_WARN_DIRECT_OBJC_ISA_USAGE = YES_ERROR;
				CLANG_WARN_DOCUMENTATION_COMMENTS = YES;
				CLANG_WARN_EMPTY_BODY = YES;
				CLANG_WARN_ENUM_CONVERSION = YES;
				CLANG_WARN_INFINITE_RECURSION = YES;
				CLANG_WARN_INT_CONVERSION = YES;
				CLANG_WARN_OBJC_ROOT_CLASS = YES_ERROR;
				CLANG_WARN_SUSPICIOUS_MOVE = YES;
				CLANG_WARN_UNREACHABLE_CODE = YES;
				CLANG_WARN__DUPLICATE_METHOD_MATCH = YES;
				"CODE_SIGN_IDENTITY[sdk=iphoneos*]" = "iPhone Developer";
				COPY_PHASE_STRIP = NO;
				DEBUG_INFORMATION_FORMAT = dwarf;
				ENABLE_STRICT_OBJC_MSGSEND = YES;
				ENABLE_TESTABILITY = YES;
				GCC_C_LANGUAGE_STANDARD = gnu99;
				GCC_DYNAMIC_NO_PIC = NO;
				GCC_NO_COMMON_BLOCKS = YES;
				GCC_OPTIMIZATION_LEVEL = 0;
				GCC_PREPROCESSOR_DEFINITIONS = (
					"DEBUG=1",
					"$(inherited)",
				);
				GCC_WARN_64_TO_32_BIT_CONVERSION = YES;
				GCC_WARN_ABOUT_RETURN_TYPE = YES_ERROR;
				GCC_WARN_UNDECLARED_SELECTOR = YES;
				GCC_WARN_UNINITIALIZED_AUTOS = YES_AGGRESSIVE;
				GCC_WARN_UNUSED_FUNCTION = YES;
				GCC_WARN_UNUSED_VARIABLE = YES;
				IPHONEOS_DEPLOYMENT_TARGET = 10.3;
				MTL_ENABLE_DEBUG_INFO = YES;
				ONLY_ACTIVE_ARCH = YES;
				SDKROOT = iphoneos;
			};
			name = Debug;
		};
		B3D4296F1F2F4283002F4FEF /* Release */ = {
			isa = XCBuildConfiguration;
			buildSettings = {
				ALWAYS_SEARCH_USER_PATHS = NO;
				CLANG_ANALYZER_NONNULL = YES;
				CLANG_ANALYZER_NUMBER_OBJECT_CONVERSION = YES_AGGRESSIVE;
				CLANG_CXX_LANGUAGE_STANDARD = "gnu++0x";
				CLANG_CXX_LIBRARY = "libc++";
				CLANG_ENABLE_MODULES = YES;
				CLANG_ENABLE_OBJC_ARC = YES;
				CLANG_WARN_BOOL_CONVERSION = YES;
				CLANG_WARN_CONSTANT_CONVERSION = YES;
				CLANG_WARN_DIRECT_OBJC_ISA_USAGE = YES_ERROR;
				CLANG_WARN_DOCUMENTATION_COMMENTS = YES;
				CLANG_WARN_EMPTY_BODY = YES;
				CLANG_WARN_ENUM_CONVERSION = YES;
				CLANG_WARN_INFINITE_RECURSION = YES;
				CLANG_WARN_INT_CONVERSION = YES;
				CLANG_WARN_OBJC_ROOT_CLASS = YES_ERROR;
				CLANG_WARN_SUSPICIOUS_MOVE = YES;
				CLANG_WARN_UNREACHABLE_CODE = YES;
				CLANG_WARN__DUPLICATE_METHOD_MATCH = YES;
				"CODE_SIGN_IDENTITY[sdk=iphoneos*]" = "iPhone Developer";
				COPY_PHASE_STRIP = NO;
				DEBUG_INFORMATION_FORMAT = "dwarf-with-dsym";
				ENABLE_NS_ASSERTIONS = NO;
				ENABLE_STRICT_OBJC_MSGSEND = YES;
				GCC_C_LANGUAGE_STANDARD = gnu99;
				GCC_NO_COMMON_BLOCKS = YES;
				GCC_WARN_64_TO_32_BIT_CONVERSION = YES;
				GCC_WARN_ABOUT_RETURN_TYPE = YES_ERROR;
				GCC_WARN_UNDECLARED_SELECTOR = YES;
				GCC_WARN_UNINITIALIZED_AUTOS = YES_AGGRESSIVE;
				GCC_WARN_UNUSED_FUNCTION = YES;
				GCC_WARN_UNUSED_VARIABLE = YES;
				IPHONEOS_DEPLOYMENT_TARGET = 10.3;
				MTL_ENABLE_DEBUG_INFO = NO;
				SDKROOT = iphoneos;
				VALIDATE_PRODUCT = YES;
			};
			name = Release;
		};
		B3D429711F2F4283002F4FEF /* Debug */ = {
			isa = XCBuildConfiguration;
			buildSettings = {
				ASSETCATALOG_COMPILER_APPICON_NAME = AppIcon;
				DEVELOPMENT_TEAM = 3REFLA83ZM;
				INFOPLIST_FILE = HidingObjects/Info.plist;
				LD_RUNPATH_SEARCH_PATHS = "$(inherited) @executable_path/Frameworks";
				PRODUCT_BUNDLE_IDENTIFIER = naomi.me.HidingObjects;
				PRODUCT_NAME = "$(TARGET_NAME)";
			};
			name = Debug;
		};
		B3D429721F2F4283002F4FEF /* Release */ = {
			isa = XCBuildConfiguration;
			buildSettings = {
				ASSETCATALOG_COMPILER_APPICON_NAME = AppIcon;
				DEVELOPMENT_TEAM = 3REFLA83ZM;
				INFOPLIST_FILE = HidingObjects/Info.plist;
				LD_RUNPATH_SEARCH_PATHS = "$(inherited) @executable_path/Frameworks";
				PRODUCT_BUNDLE_IDENTIFIER = naomi.me.HidingObjects;
				PRODUCT_NAME = "$(TARGET_NAME)";
			};
			name = Release;
		};
/* End XCBuildConfiguration section */

/* Begin XCConfigurationList section */
		B3D429541F2F4282002F4FEF /* Build configuration list for PBXProject "HidingObjects" */ = {
			isa = XCConfigurationList;
			buildConfigurations = (
				B3D4296E1F2F4283002F4FEF /* Debug */,
				B3D4296F1F2F4283002F4FEF /* Release */,
			);
			defaultConfigurationIsVisible = 0;
			defaultConfigurationName = Release;
		};
		B3D429701F2F4283002F4FEF /* Build configuration list for PBXNativeTarget "HidingObjects" */ = {
			isa = XCConfigurationList;
			buildConfigurations = (
				B3D429711F2F4283002F4FEF /* Debug */,
				B3D429721F2F4283002F4FEF /* Release */,
			);
			defaultConfigurationIsVisible = 0;
		};
/* End XCConfigurationList section */
	};
	rootObject = B3D429511F2F4282002F4FEF /* Project object */;
}
